// !$*UTF8*$!
{
	archiveVersion = 1;
	classes = {
	};
	objectVersion = 50;
	objects = {

/* Begin PBXBuildFile section */
		D85D187924A3206A006A3EAD /* AppDelegate.swift in Sources */ = {isa = PBXBuildFile; fileRef = D85D187824A3206A006A3EAD /* AppDelegate.swift */; };
		D85D187B24A3206A006A3EAD /* SceneDelegate.swift in Sources */ = {isa = PBXBuildFile; fileRef = D85D187A24A3206A006A3EAD /* SceneDelegate.swift */; };
		D85D187D24A3206A006A3EAD /* ViewController.swift in Sources */ = {isa = PBXBuildFile; fileRef = D85D187C24A3206A006A3EAD /* ViewController.swift */; };
		D85D188024A3206A006A3EAD /* Main.storyboard in Resources */ = {isa = PBXBuildFile; fileRef = D85D187E24A3206A006A3EAD /* Main.storyboard */; };
		D85D188224A3206D006A3EAD /* Assets.xcassets in Resources */ = {isa = PBXBuildFile; fileRef = D85D188124A3206D006A3EAD /* Assets.xcassets */; };
		D85D188524A3206D006A3EAD /* LaunchScreen.storyboard in Resources */ = {isa = PBXBuildFile; fileRef = D85D188324A3206D006A3EAD /* LaunchScreen.storyboard */; };
		D85D189024A3206D006A3EAD /* CheckAppStoreUpdate_SampleTests.swift in Sources */ = {isa = PBXBuildFile; fileRef = D85D188F24A3206D006A3EAD /* CheckAppStoreUpdate_SampleTests.swift */; };
		D85D189B24A3206D006A3EAD /* CheckAppStoreUpdate_SampleUITests.swift in Sources */ = {isa = PBXBuildFile; fileRef = D85D189A24A3206D006A3EAD /* CheckAppStoreUpdate_SampleUITests.swift */; };
		D8B1B9F524A32ABA008BAD4C /* UpdateVersion.swift in Sources */ = {isa = PBXBuildFile; fileRef = D8B1B9F424A32ABA008BAD4C /* UpdateVersion.swift */; };
/* End PBXBuildFile section */

/* Begin PBXContainerItemProxy section */
		D85D188C24A3206D006A3EAD /* PBXContainerItemProxy */ = {
			isa = PBXContainerItemProxy;
			containerPortal = D85D186D24A3206A006A3EAD /* Project object */;
			proxyType = 1;
			remoteGlobalIDString = D85D187424A3206A006A3EAD;
			remoteInfo = CheckAppStoreUpdate_Sample;
		};
		D85D189724A3206D006A3EAD /* PBXContainerItemProxy */ = {
			isa = PBXContainerItemProxy;
			containerPortal = D85D186D24A3206A006A3EAD /* Project object */;
			proxyType = 1;
			remoteGlobalIDString = D85D187424A3206A006A3EAD;
			remoteInfo = CheckAppStoreUpdate_Sample;
		};
/* End PBXContainerItemProxy section */

/* Begin PBXFileReference section */
		D85D187524A3206A006A3EAD /* CheckAppStoreUpdate_Sample.app */ = {isa = PBXFileReference; explicitFileType = wrapper.application; includeInIndex = 0; path = CheckAppStoreUpdate_Sample.app; sourceTree = BUILT_PRODUCTS_DIR; };
		D85D187824A3206A006A3EAD /* AppDelegate.swift */ = {isa = PBXFileReference; lastKnownFileType = sourcecode.swift; path = AppDelegate.swift; sourceTree = "<group>"; };
		D85D187A24A3206A006A3EAD /* SceneDelegate.swift */ = {isa = PBXFileReference; lastKnownFileType = sourcecode.swift; path = SceneDelegate.swift; sourceTree = "<group>"; };
		D85D187C24A3206A006A3EAD /* ViewController.swift */ = {isa = PBXFileReference; lastKnownFileType = sourcecode.swift; path = ViewController.swift; sourceTree = "<group>"; };
		D85D187F24A3206A006A3EAD /* Base */ = {isa = PBXFileReference; lastKnownFileType = file.storyboard; name = Base; path = Base.lproj/Main.storyboard; sourceTree = "<group>"; };
		D85D188124A3206D006A3EAD /* Assets.xcassets */ = {isa = PBXFileReference; lastKnownFileType = folder.assetcatalog; path = Assets.xcassets; sourceTree = "<group>"; };
		D85D188424A3206D006A3EAD /* Base */ = {isa = PBXFileReference; lastKnownFileType = file.storyboard; name = Base; path = Base.lproj/LaunchScreen.storyboard; sourceTree = "<group>"; };
		D85D188624A3206D006A3EAD /* Info.plist */ = {isa = PBXFileReference; lastKnownFileType = text.plist.xml; path = Info.plist; sourceTree = "<group>"; };
		D85D188B24A3206D006A3EAD /* CheckAppStoreUpdate_SampleTests.xctest */ = {isa = PBXFileReference; explicitFileType = wrapper.cfbundle; includeInIndex = 0; path = CheckAppStoreUpdate_SampleTests.xctest; sourceTree = BUILT_PRODUCTS_DIR; };
		D85D188F24A3206D006A3EAD /* CheckAppStoreUpdate_SampleTests.swift */ = {isa = PBXFileReference; lastKnownFileType = sourcecode.swift; path = CheckAppStoreUpdate_SampleTests.swift; sourceTree = "<group>"; };
		D85D189124A3206D006A3EAD /* Info.plist */ = {isa = PBXFileReference; lastKnownFileType = text.plist.xml; path = Info.plist; sourceTree = "<group>"; };
		D85D189624A3206D006A3EAD /* CheckAppStoreUpdate_SampleUITests.xctest */ = {isa = PBXFileReference; explicitFileType = wrapper.cfbundle; includeInIndex = 0; path = CheckAppStoreUpdate_SampleUITests.xctest; sourceTree = BUILT_PRODUCTS_DIR; };
		D85D189A24A3206D006A3EAD /* CheckAppStoreUpdate_SampleUITests.swift */ = {isa = PBXFileReference; lastKnownFileType = sourcecode.swift; path = CheckAppStoreUpdate_SampleUITests.swift; sourceTree = "<group>"; };
		D85D189C24A3206D006A3EAD /* Info.plist */ = {isa = PBXFileReference; lastKnownFileType = text.plist.xml; path = Info.plist; sourceTree = "<group>"; };
		D8B1B9F424A32ABA008BAD4C /* UpdateVersion.swift */ = {isa = PBXFileReference; lastKnownFileType = sourcecode.swift; path = UpdateVersion.swift; sourceTree = "<group>"; };
/* End PBXFileReference section */

/* Begin PBXFrameworksBuildPhase section */
		D85D187224A3206A006A3EAD /* Frameworks */ = {
			isa = PBXFrameworksBuildPhase;
			buildActionMask = 2147483647;
			files = (
			);
			runOnlyForDeploymentPostprocessing = 0;
		};
		D85D188824A3206D006A3EAD /* Frameworks */ = {
			isa = PBXFrameworksBuildPhase;
			buildActionMask = 2147483647;
			files = (
			);
			runOnlyForDeploymentPostprocessing = 0;
		};
		D85D189324A3206D006A3EAD /* Frameworks */ = {
			isa = PBXFrameworksBuildPhase;
			buildActionMask = 2147483647;
			files = (
			);
			runOnlyForDeploymentPostprocessing = 0;
		};
/* End PBXFrameworksBuildPhase section */

/* Begin PBXGroup section */
		D85D186C24A3206A006A3EAD = {
			isa = PBXGroup;
			children = (
				D85D187724A3206A006A3EAD /* CheckAppStoreUpdate_Sample */,
				D85D188E24A3206D006A3EAD /* CheckAppStoreUpdate_SampleTests */,
				D85D189924A3206D006A3EAD /* CheckAppStoreUpdate_SampleUITests */,
				D85D187624A3206A006A3EAD /* Products */,
			);
			sourceTree = "<group>";
		};
		D85D187624A3206A006A3EAD /* Products */ = {
			isa = PBXGroup;
			children = (
				D85D187524A3206A006A3EAD /* CheckAppStoreUpdate_Sample.app */,
				D85D188B24A3206D006A3EAD /* CheckAppStoreUpdate_SampleTests.xctest */,
				D85D189624A3206D006A3EAD /* CheckAppStoreUpdate_SampleUITests.xctest */,
			);
			name = Products;
			sourceTree = "<group>";
		};
		D85D187724A3206A006A3EAD /* CheckAppStoreUpdate_Sample */ = {
			isa = PBXGroup;
			children = (
				D85D187824A3206A006A3EAD /* AppDelegate.swift */,
				D85D187A24A3206A006A3EAD /* SceneDelegate.swift */,
				D8B1B9F424A32ABA008BAD4C /* UpdateVersion.swift */,
				D85D187C24A3206A006A3EAD /* ViewController.swift */,
				D85D187E24A3206A006A3EAD /* Main.storyboard */,
				D85D188124A3206D006A3EAD /* Assets.xcassets */,
				D85D188324A3206D006A3EAD /* LaunchScreen.storyboard */,
				D85D188624A3206D006A3EAD /* Info.plist */,
			);
			path = CheckAppStoreUpdate_Sample;
			sourceTree = "<group>";
		};
		D85D188E24A3206D006A3EAD /* CheckAppStoreUpdate_SampleTests */ = {
			isa = PBXGroup;
			children = (
				D85D188F24A3206D006A3EAD /* CheckAppStoreUpdate_SampleTests.swift */,
				D85D189124A3206D006A3EAD /* Info.plist */,
			);
			path = CheckAppStoreUpdate_SampleTests;
			sourceTree = "<group>";
		};
		D85D189924A3206D006A3EAD /* CheckAppStoreUpdate_SampleUITests */ = {
			isa = PBXGroup;
			children = (
				D85D189A24A3206D006A3EAD /* CheckAppStoreUpdate_SampleUITests.swift */,
				D85D189C24A3206D006A3EAD /* Info.plist */,
			);
			path = CheckAppStoreUpdate_SampleUITests;
			sourceTree = "<group>";
		};
/* End PBXGroup section */

/* Begin PBXNativeTarget section */
		D85D187424A3206A006A3EAD /* CheckAppStoreUpdate_Sample */ = {
			isa = PBXNativeTarget;
			buildConfigurationList = D85D189F24A3206D006A3EAD /* Build configuration list for PBXNativeTarget "CheckAppStoreUpdate_Sample" */;
			buildPhases = (
				D85D187124A3206A006A3EAD /* Sources */,
				D85D187224A3206A006A3EAD /* Frameworks */,
				D85D187324A3206A006A3EAD /* Resources */,
			);
			buildRules = (
			);
			dependencies = (
			);
			name = CheckAppStoreUpdate_Sample;
			productName = CheckAppStoreUpdate_Sample;
			productReference = D85D187524A3206A006A3EAD /* CheckAppStoreUpdate_Sample.app */;
			productType = "com.apple.product-type.application";
		};
		D85D188A24A3206D006A3EAD /* CheckAppStoreUpdate_SampleTests */ = {
			isa = PBXNativeTarget;
			buildConfigurationList = D85D18A224A3206D006A3EAD /* Build configuration list for PBXNativeTarget "CheckAppStoreUpdate_SampleTests" */;
			buildPhases = (
				D85D188724A3206D006A3EAD /* Sources */,
				D85D188824A3206D006A3EAD /* Frameworks */,
				D85D188924A3206D006A3EAD /* Resources */,
			);
			buildRules = (
			);
			dependencies = (
				D85D188D24A3206D006A3EAD /* PBXTargetDependency */,
			);
			name = CheckAppStoreUpdate_SampleTests;
			productName = CheckAppStoreUpdate_SampleTests;
			productReference = D85D188B24A3206D006A3EAD /* CheckAppStoreUpdate_SampleTests.xctest */;
			productType = "com.apple.product-type.bundle.unit-test";
		};
		D85D189524A3206D006A3EAD /* CheckAppStoreUpdate_SampleUITests */ = {
			isa = PBXNativeTarget;
			buildConfigurationList = D85D18A524A3206D006A3EAD /* Build configuration list for PBXNativeTarget "CheckAppStoreUpdate_SampleUITests" */;
			buildPhases = (
				D85D189224A3206D006A3EAD /* Sources */,
				D85D189324A3206D006A3EAD /* Frameworks */,
				D85D189424A3206D006A3EAD /* Resources */,
			);
			buildRules = (
			);
			dependencies = (
				D85D189824A3206D006A3EAD /* PBXTargetDependency */,
			);
			name = CheckAppStoreUpdate_SampleUITests;
			productName = CheckAppStoreUpdate_SampleUITests;
			productReference = D85D189624A3206D006A3EAD /* CheckAppStoreUpdate_SampleUITests.xctest */;
			productType = "com.apple.product-type.bundle.ui-testing";
		};
/* End PBXNativeTarget section */

/* Begin PBXProject section */
		D85D186D24A3206A006A3EAD /* Project object */ = {
			isa = PBXProject;
			attributes = {
				LastSwiftUpdateCheck = 1120;
				LastUpgradeCheck = 1120;
				ORGANIZATIONNAME = Parbhat;
				TargetAttributes = {
					D85D187424A3206A006A3EAD = {
						CreatedOnToolsVersion = 11.2.1;
					};
					D85D188A24A3206D006A3EAD = {
						CreatedOnToolsVersion = 11.2.1;
						TestTargetID = D85D187424A3206A006A3EAD;
					};
					D85D189524A3206D006A3EAD = {
						CreatedOnToolsVersion = 11.2.1;
						TestTargetID = D85D187424A3206A006A3EAD;
					};
				};
			};
			buildConfigurationList = D85D187024A3206A006A3EAD /* Build configuration list for PBXProject "CheckAppStoreUpdate_Sample" */;
			compatibilityVersion = "Xcode 9.3";
			developmentRegion = en;
			hasScannedForEncodings = 0;
			knownRegions = (
				en,
				Base,
			);
			mainGroup = D85D186C24A3206A006A3EAD;
			productRefGroup = D85D187624A3206A006A3EAD /* Products */;
			projectDirPath = "";
			projectRoot = "";
			targets = (
				D85D187424A3206A006A3EAD /* CheckAppStoreUpdate_Sample */,
				D85D188A24A3206D006A3EAD /* CheckAppStoreUpdate_SampleTests */,
				D85D189524A3206D006A3EAD /* CheckAppStoreUpdate_SampleUITests */,
			);
		};
/* End PBXProject section */

/* Begin PBXResourcesBuildPhase section */
		D85D187324A3206A006A3EAD /* Resources */ = {
			isa = PBXResourcesBuildPhase;
			buildActionMask = 2147483647;
			files = (
				D85D188524A3206D006A3EAD /* LaunchScreen.storyboard in Resources */,
				D85D188224A3206D006A3EAD /* Assets.xcassets in Resources */,
				D85D188024A3206A006A3EAD /* Main.storyboard in Resources */,
			);
			runOnlyForDeploymentPostprocessing = 0;
		};
		D85D188924A3206D006A3EAD /* Resources */ = {
			isa = PBXResourcesBuildPhase;
			buildActionMask = 2147483647;
			files = (
			);
			runOnlyForDeploymentPostprocessing = 0;
		};
		D85D189424A3206D006A3EAD /* Resources */ = {
			isa = PBXResourcesBuildPhase;
			buildActionMask = 2147483647;
			files = (
			);
			runOnlyForDeploymentPostprocessing = 0;
		};
/* End PBXResourcesBuildPhase section */

/* Begin PBXSourcesBuildPhase section */
		D85D187124A3206A006A3EAD /* Sources */ = {
			isa = PBXSourcesBuildPhase;
			buildActionMask = 2147483647;
			files = (
				D85D187D24A3206A006A3EAD /* ViewController.swift in Sources */,
				D85D187924A3206A006A3EAD /* AppDelegate.swift in Sources */,
				D85D187B24A3206A006A3EAD /* SceneDelegate.swift in Sources */,
				D8B1B9F524A32ABA008BAD4C /* UpdateVersion.swift in Sources */,
			);
			runOnlyForDeploymentPostprocessing = 0;
		};
		D85D188724A3206D006A3EAD /* Sources */ = {
			isa = PBXSourcesBuildPhase;
			buildActionMask = 2147483647;
			files = (
				D85D189024A3206D006A3EAD /* CheckAppStoreUpdate_SampleTests.swift in Sources */,
			);
			runOnlyForDeploymentPostprocessing = 0;
		};
		D85D189224A3206D006A3EAD /* Sources */ = {
			isa = PBXSourcesBuildPhase;
			buildActionMask = 2147483647;
			files = (
				D85D189B24A3206D006A3EAD /* CheckAppStoreUpdate_SampleUITests.swift in Sources */,
			);
			runOnlyForDeploymentPostprocessing = 0;
		};
/* End PBXSourcesBuildPhase section */

/* Begin PBXTargetDependency section */
		D85D188D24A3206D006A3EAD /* PBXTargetDependency */ = {
			isa = PBXTargetDependency;
			target = D85D187424A3206A006A3EAD /* CheckAppStoreUpdate_Sample */;
			targetProxy = D85D188C24A3206D006A3EAD /* PBXContainerItemProxy */;
		};
		D85D189824A3206D006A3EAD /* PBXTargetDependency */ = {
			isa = PBXTargetDependency;
			target = D85D187424A3206A006A3EAD /* CheckAppStoreUpdate_Sample */;
			targetProxy = D85D189724A3206D006A3EAD /* PBXContainerItemProxy */;
		};
/* End PBXTargetDependency section */

/* Begin PBXVariantGroup section */
		D85D187E24A3206A006A3EAD /* Main.storyboard */ = {
			isa = PBXVariantGroup;
			children = (
				D85D187F24A3206A006A3EAD /* Base */,
			);
			name = Main.storyboard;
			sourceTree = "<group>";
		};
		D85D188324A3206D006A3EAD /* LaunchScreen.storyboard */ = {
			isa = PBXVariantGroup;
			children = (
				D85D188424A3206D006A3EAD /* Base */,
			);
			name = LaunchScreen.storyboard;
			sourceTree = "<group>";
		};
/* End PBXVariantGroup section */

/* Begin XCBuildConfiguration section */
		D85D189D24A3206D006A3EAD /* Debug */ = {
			isa = XCBuildConfiguration;
			buildSettings = {
				ALWAYS_SEARCH_USER_PATHS = NO;
				CLANG_ANALYZER_NONNULL = YES;
				CLANG_ANALYZER_NUMBER_OBJECT_CONVERSION = YES_AGGRESSIVE;
				CLANG_CXX_LANGUAGE_STANDARD = "gnu++14";
				CLANG_CXX_LIBRARY = "libc++";
				CLANG_ENABLE_MODULES = YES;
				CLANG_ENABLE_OBJC_ARC = YES;
				CLANG_ENABLE_OBJC_WEAK = YES;
				CLANG_WARN_BLOCK_CAPTURE_AUTORELEASING = YES;
				CLANG_WARN_BOOL_CONVERSION = YES;
				CLANG_WARN_COMMA = YES;
				CLANG_WARN_CONSTANT_CONVERSION = YES;
				CLANG_WARN_DEPRECATED_OBJC_IMPLEMENTATIONS = YES;
				CLANG_WARN_DIRECT_OBJC_ISA_USAGE = YES_ERROR;
				CLANG_WARN_DOCUMENTATION_COMMENTS = YES;
				CLANG_WARN_EMPTY_BODY = YES;
				CLANG_WARN_ENUM_CONVERSION = YES;
				CLANG_WARN_INFINITE_RECURSION = YES;
				CLANG_WARN_INT_CONVERSION = YES;
				CLANG_WARN_NON_LITERAL_NULL_CONVERSION = YES;
				CLANG_WARN_OBJC_IMPLICIT_RETAIN_SELF = YES;
				CLANG_WARN_OBJC_LITERAL_CONVERSION = YES;
				CLANG_WARN_OBJC_ROOT_CLASS = YES_ERROR;
				CLANG_WARN_RANGE_LOOP_ANALYSIS = YES;
				CLANG_WARN_STRICT_PROTOTYPES = YES;
				CLANG_WARN_SUSPICIOUS_MOVE = YES;
				CLANG_WARN_UNGUARDED_AVAILABILITY = YES_AGGRESSIVE;
				CLANG_WARN_UNREACHABLE_CODE = YES;
				CLANG_WARN__DUPLICATE_METHOD_MATCH = YES;
				COPY_PHASE_STRIP = NO;
				DEBUG_INFORMATION_FORMAT = dwarf;
				ENABLE_STRICT_OBJC_MSGSEND = YES;
				ENABLE_TESTABILITY = YES;
				GCC_C_LANGUAGE_STANDARD = gnu11;
				GCC_DYNAMIC_NO_PIC = NO;
				GCC_NO_COMMON_BLOCKS = YES;
				GCC_OPTIMIZATION_LEVEL = 0;
				GCC_PREPROCESSOR_DEFINITIONS = (
					"DEBUG=1",
					"$(inherited)",
				);
				GCC_WARN_64_TO_32_BIT_CONVERSION = YES;
				GCC_WARN_ABOUT_RETURN_TYPE = YES_ERROR;
				GCC_WARN_UNDECLARED_SELECTOR = YES;
				GCC_WARN_UNINITIALIZED_AUTOS = YES_AGGRESSIVE;
				GCC_WARN_UNUSED_FUNCTION = YES;
				GCC_WARN_UNUSED_VARIABLE = YES;
				IPHONEOS_DEPLOYMENT_TARGET = 13.2;
				MTL_ENABLE_DEBUG_INFO = INCLUDE_SOURCE;
				MTL_FAST_MATH = YES;
				ONLY_ACTIVE_ARCH = YES;
				SDKROOT = iphoneos;
				SWIFT_ACTIVE_COMPILATION_CONDITIONS = DEBUG;
				SWIFT_OPTIMIZATION_LEVEL = "-Onone";
			};
			name = Debug;
		};
		D85D189E24A3206D006A3EAD /* Release */ = {
			isa = XCBuildConfiguration;
			buildSettings = {
				ALWAYS_SEARCH_USER_PATHS = NO;
				CLANG_ANALYZER_NONNULL = YES;
				CLANG_ANALYZER_NUMBER_OBJECT_CONVERSION = YES_AGGRESSIVE;
				CLANG_CXX_LANGUAGE_STANDARD = "gnu++14";
				CLANG_CXX_LIBRARY = "libc++";
				CLANG_ENABLE_MODULES = YES;
				CLANG_ENABLE_OBJC_ARC = YES;
				CLANG_ENABLE_OBJC_WEAK = YES;
				CLANG_WARN_BLOCK_CAPTURE_AUTORELEASING = YES;
				CLANG_WARN_BOOL_CONVERSION = YES;
				CLANG_WARN_COMMA = YES;
				CLANG_WARN_CONSTANT_CONVERSION = YES;
				CLANG_WARN_DEPRECATED_OBJC_IMPLEMENTATIONS = YES;
				CLANG_WARN_DIRECT_OBJC_ISA_USAGE = YES_ERROR;
				CLANG_WARN_DOCUMENTATION_COMMENTS = YES;
				CLANG_WARN_EMPTY_BODY = YES;
				CLANG_WARN_ENUM_CONVERSION = YES;
				CLANG_WARN_INFINITE_RECURSION = YES;
				CLANG_WARN_INT_CONVERSION = YES;
				CLANG_WARN_NON_LITERAL_NULL_CONVERSION = YES;
				CLANG_WARN_OBJC_IMPLICIT_RETAIN_SELF = YES;
				CLANG_WARN_OBJC_LITERAL_CONVERSION = YES;
				CLANG_WARN_OBJC_ROOT_CLASS = YES_ERROR;
				CLANG_WARN_RANGE_LOOP_ANALYSIS = YES;
				CLANG_WARN_STRICT_PROTOTYPES = YES;
				CLANG_WARN_SUSPICIOUS_MOVE = YES;
				CLANG_WARN_UNGUARDED_AVAILABILITY = YES_AGGRESSIVE;
				CLANG_WARN_UNREACHABLE_CODE = YES;
				CLANG_WARN__DUPLICATE_METHOD_MATCH = YES;
				COPY_PHASE_STRIP = NO;
				DEBUG_INFORMATION_FORMAT = "dwarf-with-dsym";
				ENABLE_NS_ASSERTIONS = NO;
				ENABLE_STRICT_OBJC_MSGSEND = YES;
				GCC_C_LANGUAGE_STANDARD = gnu11;
				GCC_NO_COMMON_BLOCKS = YES;
				GCC_WARN_64_TO_32_BIT_CONVERSION = YES;
				GCC_WARN_ABOUT_RETURN_TYPE = YES_ERROR;
				GCC_WARN_UNDECLARED_SELECTOR = YES;
				GCC_WARN_UNINITIALIZED_AUTOS = YES_AGGRESSIVE;
				GCC_WARN_UNUSED_FUNCTION = YES;
				GCC_WARN_UNUSED_VARIABLE = YES;
				IPHONEOS_DEPLOYMENT_TARGET = 13.2;
				MTL_ENABLE_DEBUG_INFO = NO;
				MTL_FAST_MATH = YES;
				SDKROOT = iphoneos;
				SWIFT_COMPILATION_MODE = wholemodule;
				SWIFT_OPTIMIZATION_LEVEL = "-O";
				VALIDATE_PRODUCT = YES;
			};
			name = Release;
		};
		D85D18A024A3206D006A3EAD /* Debug */ = {
			isa = XCBuildConfiguration;
			buildSettings = {
				ASSETCATALOG_COMPILER_APPICON_NAME = AppIcon;
				CODE_SIGN_STYLE = Automatic;
				DEVELOPMENT_TEAM = N9FGW875B5;
				INFOPLIST_FILE = CheckAppStoreUpdate_Sample/Info.plist;
				LD_RUNPATH_SEARCH_PATHS = (
					"$(inherited)",
					"@executable_path/Frameworks",
				);
				PRODUCT_BUNDLE_IDENTIFIER = "com.richestsoft.CheckAppStoreUpdate-Sample";
				PRODUCT_NAME = "$(TARGET_NAME)";
				SWIFT_VERSION = 5.0;
				TARGETED_DEVICE_FAMILY = "1,2";
			};
			name = Debug;
		};
		D85D18A124A3206D006A3EAD /* Release */ = {
			isa = XCBuildConfiguration;
			buildSettings = {
				ASSETCATALOG_COMPILER_APPICON_NAME = AppIcon;
				CODE_SIGN_STYLE = Automatic;
				DEVELOPMENT_TEAM = N9FGW875B5;
				INFOPLIST_FILE = CheckAppStoreUpdate_Sample/Info.plist;
				LD_RUNPATH_SEARCH_PATHS = (
					"$(inherited)",
					"@executable_path/Frameworks",
				);
				PRODUCT_BUNDLE_IDENTIFIER = "com.richestsoft.CheckAppStoreUpdate-Sample";
				PRODUCT_NAME = "$(TARGET_NAME)";
				SWIFT_VERSION = 5.0;
				TARGETED_DEVICE_FAMILY = "1,2";
			};
			name = Release;
		};
		D85D18A324A3206D006A3EAD /* Debug */ = {
			isa = XCBuildConfiguration;
			buildSettings = {
				ALWAYS_EMBED_SWIFT_STANDARD_LIBRARIES = YES;
				BUNDLE_LOADER = "$(TEST_HOST)";
				CODE_SIGN_STYLE = Automatic;
				INFOPLIST_FILE = CheckAppStoreUpdate_SampleTests/Info.plist;
				IPHONEOS_DEPLOYMENT_TARGET = 13.2;
				LD_RUNPATH_SEARCH_PATHS = (
					"$(inherited)",
					"@executable_path/Frameworks",
					"@loader_path/Frameworks",
				);
				PRODUCT_BUNDLE_IDENTIFIER = "com.richestsoft.CheckAppStoreUpdate-SampleTests";
				PRODUCT_NAME = "$(TARGET_NAME)";
				SWIFT_VERSION = 5.0;
				TARGETED_DEVICE_FAMILY = "1,2";
				TEST_HOST = "$(BUILT_PRODUCTS_DIR)/CheckAppStoreUpdate_Sample.app/CheckAppStoreUpdate_Sample";
			};
			name = Debug;
		};
		D85D18A424A3206D006A3EAD /* Release */ = {
			isa = XCBuildConfiguration;
			buildSettings = {
				ALWAYS_EMBED_SWIFT_STANDARD_LIBRARIES = YES;
				BUNDLE_LOADER = "$(TEST_HOST)";
				CODE_SIGN_STYLE = Automatic;
				INFOPLIST_FILE = CheckAppStoreUpdate_SampleTests/Info.plist;
				IPHONEOS_DEPLOYMENT_TARGET = 13.2;
				LD_RUNPATH_SEARCH_PATHS = (
					"$(inherited)",
					"@executable_path/Frameworks",
					"@loader_path/Frameworks",
				);
				PRODUCT_BUNDLE_IDENTIFIER = "com.richestsoft.CheckAppStoreUpdate-SampleTests";
				PRODUCT_NAME = "$(TARGET_NAME)";
				SWIFT_VERSION = 5.0;
				TARGETED_DEVICE_FAMILY = "1,2";
				TEST_HOST = "$(BUILT_PRODUCTS_DIR)/CheckAppStoreUpdate_Sample.app/CheckAppStoreUpdate_Sample";
			};
			name = Release;
		};
		D85D18A624A3206D006A3EAD /* Debug */ = {
			isa = XCBuildConfiguration;
			buildSettings = {
				ALWAYS_EMBED_SWIFT_STANDARD_LIBRARIES = YES;
				CODE_SIGN_STYLE = Automatic;
				INFOPLIST_FILE = CheckAppStoreUpdate_SampleUITests/Info.plist;
				LD_RUNPATH_SEARCH_PATHS = (
					"$(inherited)",
					"@executable_path/Frameworks",
					"@loader_path/Frameworks",
				);
				PRODUCT_BUNDLE_IDENTIFIER = "com.richestsoft.CheckAppStoreUpdate-SampleUITests";
				PRODUCT_NAME = "$(TARGET_NAME)";
				SWIFT_VERSION = 5.0;
				TARGETED_DEVICE_FAMILY = "1,2";
				TEST_TARGET_NAME = CheckAppStoreUpdate_Sample;
			};
			name = Debug;
		};
		D85D18A724A3206D006A3EAD /* Release */ = {
			isa = XCBuildConfiguration;
			buildSettings = {
				ALWAYS_EMBED_SWIFT_STANDARD_LIBRARIES = YES;
				CODE_SIGN_STYLE = Automatic;
				INFOPLIST_FILE = CheckAppStoreUpdate_SampleUITests/Info.plist;
				LD_RUNPATH_SEARCH_PATHS = (
					"$(inherited)",
					"@executable_path/Frameworks",
					"@loader_path/Frameworks",
				);
				PRODUCT_BUNDLE_IDENTIFIER = "com.richestsoft.CheckAppStoreUpdate-SampleUITests";
				PRODUCT_NAME = "$(TARGET_NAME)";
				SWIFT_VERSION = 5.0;
				TARGETED_DEVICE_FAMILY = "1,2";
				TEST_TARGET_NAME = CheckAppStoreUpdate_Sample;
			};
			name = Release;
		};
/* End XCBuildConfiguration section */

/* Begin XCConfigurationList section */
		D85D187024A3206A006A3EAD /* Build configuration list for PBXProject "CheckAppStoreUpdate_Sample" */ = {
			isa = XCConfigurationList;
			buildConfigurations = (
				D85D189D24A3206D006A3EAD /* Debug */,
				D85D189E24A3206D006A3EAD /* Release */,
			);
			defaultConfigurationIsVisible = 0;
			defaultConfigurationName = Release;
		};
		D85D189F24A3206D006A3EAD /* Build configuration list for PBXNativeTarget "CheckAppStoreUpdate_Sample" */ = {
			isa = XCConfigurationList;
			buildConfigurations = (
				D85D18A024A3206D006A3EAD /* Debug */,
				D85D18A124A3206D006A3EAD /* Release */,
			);
			defaultConfigurationIsVisible = 0;
			defaultConfigurationName = Release;
		};
		D85D18A224A3206D006A3EAD /* Build configuration list for PBXNativeTarget "CheckAppStoreUpdate_SampleTests" */ = {
			isa = XCConfigurationList;
			buildConfigurations = (
				D85D18A324A3206D006A3EAD /* Debug */,
				D85D18A424A3206D006A3EAD /* Release */,
			);
			defaultConfigurationIsVisible = 0;
			defaultConfigurationName = Release;
		};
		D85D18A524A3206D006A3EAD /* Build configuration list for PBXNativeTarget "CheckAppStoreUpdate_SampleUITests" */ = {
			isa = XCConfigurationList;
			buildConfigurations = (
				D85D18A624A3206D006A3EAD /* Debug */,
				D85D18A724A3206D006A3EAD /* Release */,
			);
			defaultConfigurationIsVisible = 0;
			defaultConfigurationName = Release;
		};
/* End XCConfigurationList section */
	};
	rootObject = D85D186D24A3206A006A3EAD /* Project object */;
}
